// !$*UTF8*$!
{
	archiveVersion = 1;
	classes = {
	};
	objectVersion = 46;
	objects = {

/* Begin PBXBuildFile section */
		571414D01CEC354700638A11 /* main.m in Sources */ = {isa = PBXBuildFile; fileRef = 571414CF1CEC354700638A11 /* main.m */; };
		571414D31CEC354700638A11 /* AppDelegate.m in Sources */ = {isa = PBXBuildFile; fileRef = 571414D21CEC354700638A11 /* AppDelegate.m */; };
		571414D61CEC354700638A11 /* ViewController.m in Sources */ = {isa = PBXBuildFile; fileRef = 571414D51CEC354700638A11 /* ViewController.m */; };
		571414D91CEC354700638A11 /* Main.storyboard in Resources */ = {isa = PBXBuildFile; fileRef = 571414D71CEC354700638A11 /* Main.storyboard */; };
		571414DB1CEC354700638A11 /* Assets.xcassets in Resources */ = {isa = PBXBuildFile; fileRef = 571414DA1CEC354700638A11 /* Assets.xcassets */; };
		571414DE1CEC354700638A11 /* LaunchScreen.storyboard in Resources */ = {isa = PBXBuildFile; fileRef = 571414DC1CEC354700638A11 /* LaunchScreen.storyboard */; };
		571414E91CEC354700638A11 /* pop_testTests.m in Sources */ = {isa = PBXBuildFile; fileRef = 571414E81CEC354700638A11 /* pop_testTests.m */; };
		571414F41CEC354700638A11 /* pop_testUITests.m in Sources */ = {isa = PBXBuildFile; fileRef = 571414F31CEC354700638A11 /* pop_testUITests.m */; };
		57F5958C1CED5D1A0027692A /* WBPopOverView.m in Sources */ = {isa = PBXBuildFile; fileRef = 57F5958B1CED5D1A0027692A /* WBPopOverView.m */; };
/* End PBXBuildFile section */

/* Begin PBXContainerItemProxy section */
		571414E51CEC354700638A11 /* PBXContainerItemProxy */ = {
			isa = PBXContainerItemProxy;
			containerPortal = 571414C31CEC354700638A11 /* Project object */;
			proxyType = 1;
			remoteGlobalIDString = 571414CA1CEC354700638A11;
			remoteInfo = pop_test;
		};
		571414F01CEC354700638A11 /* PBXContainerItemProxy */ = {
			isa = PBXContainerItemProxy;
			containerPortal = 571414C31CEC354700638A11 /* Project object */;
			proxyType = 1;
			remoteGlobalIDString = 571414CA1CEC354700638A11;
			remoteInfo = pop_test;
		};
/* End PBXContainerItemProxy section */

/* Begin PBXFileReference section */
		571414CB1CEC354700638A11 /* pop_test.app */ = {isa = PBXFileReference; explicitFileType = wrapper.application; includeInIndex = 0; path = pop_test.app; sourceTree = BUILT_PRODUCTS_DIR; };
		571414CF1CEC354700638A11 /* main.m */ = {isa = PBXFileReference; lastKnownFileType = sourcecode.c.objc; path = main.m; sourceTree = "<group>"; };
		571414D11CEC354700638A11 /* AppDelegate.h */ = {isa = PBXFileReference; lastKnownFileType = sourcecode.c.h; path = AppDelegate.h; sourceTree = "<group>"; };
		571414D21CEC354700638A11 /* AppDelegate.m */ = {isa = PBXFileReference; lastKnownFileType = sourcecode.c.objc; path = AppDelegate.m; sourceTree = "<group>"; };
		571414D41CEC354700638A11 /* ViewController.h */ = {isa = PBXFileReference; lastKnownFileType = sourcecode.c.h; path = ViewController.h; sourceTree = "<group>"; };
		571414D51CEC354700638A11 /* ViewController.m */ = {isa = PBXFileReference; lastKnownFileType = sourcecode.c.objc; path = ViewController.m; sourceTree = "<group>"; };
		571414D81CEC354700638A11 /* Base */ = {isa = PBXFileReference; lastKnownFileType = file.storyboard; name = Base; path = Base.lproj/Main.storyboard; sourceTree = "<group>"; };
		571414DA1CEC354700638A11 /* Assets.xcassets */ = {isa = PBXFileReference; lastKnownFileType = folder.assetcatalog; path = Assets.xcassets; sourceTree = "<group>"; };
		571414DD1CEC354700638A11 /* Base */ = {isa = PBXFileReference; lastKnownFileType = file.storyboard; name = Base; path = Base.lproj/LaunchScreen.storyboard; sourceTree = "<group>"; };
		571414DF1CEC354700638A11 /* Info.plist */ = {isa = PBXFileReference; lastKnownFileType = text.plist.xml; path = Info.plist; sourceTree = "<group>"; };
		571414E41CEC354700638A11 /* pop_testTests.xctest */ = {isa = PBXFileReference; explicitFileType = wrapper.cfbundle; includeInIndex = 0; path = pop_testTests.xctest; sourceTree = BUILT_PRODUCTS_DIR; };
		571414E81CEC354700638A11 /* pop_testTests.m */ = {isa = PBXFileReference; lastKnownFileType = sourcecode.c.objc; path = pop_testTests.m; sourceTree = "<group>"; };
		571414EA1CEC354700638A11 /* Info.plist */ = {isa = PBXFileReference; lastKnownFileType = text.plist.xml; path = Info.plist; sourceTree = "<group>"; };
		571414EF1CEC354700638A11 /* pop_testUITests.xctest */ = {isa = PBXFileReference; explicitFileType = wrapper.cfbundle; includeInIndex = 0; path = pop_testUITests.xctest; sourceTree = BUILT_PRODUCTS_DIR; };
		571414F31CEC354700638A11 /* pop_testUITests.m */ = {isa = PBXFileReference; lastKnownFileType = sourcecode.c.objc; path = pop_testUITests.m; sourceTree = "<group>"; };
		571414F51CEC354700638A11 /* Info.plist */ = {isa = PBXFileReference; lastKnownFileType = text.plist.xml; path = Info.plist; sourceTree = "<group>"; };
		57F5958A1CED5D1A0027692A /* WBPopOverView.h */ = {isa = PBXFileReference; fileEncoding = 4; lastKnownFileType = sourcecode.c.h; path = WBPopOverView.h; sourceTree = "<group>"; };
		57F5958B1CED5D1A0027692A /* WBPopOverView.m */ = {isa = PBXFileReference; fileEncoding = 4; lastKnownFileType = sourcecode.c.objc; path = WBPopOverView.m; sourceTree = "<group>"; };
/* End PBXFileReference section */

/* Begin PBXFrameworksBuildPhase section */
		571414C81CEC354700638A11 /* Frameworks */ = {
			isa = PBXFrameworksBuildPhase;
			buildActionMask = 2147483647;
			files = (
			);
			runOnlyForDeploymentPostprocessing = 0;
		};
		571414E11CEC354700638A11 /* Frameworks */ = {
			isa = PBXFrameworksBuildPhase;
			buildActionMask = 2147483647;
			files = (
			);
			runOnlyForDeploymentPostprocessing = 0;
		};
		571414EC1CEC354700638A11 /* Frameworks */ = {
			isa = PBXFrameworksBuildPhase;
			buildActionMask = 2147483647;
			files = (
			);
			runOnlyForDeploymentPostprocessing = 0;
		};
/* End PBXFrameworksBuildPhase section */

/* Begin PBXGroup section */
		571414C21CEC354700638A11 = {
			isa = PBXGroup;
			children = (
				571414CD1CEC354700638A11 /* pop_test */,
				571414E71CEC354700638A11 /* pop_testTests */,
				571414F21CEC354700638A11 /* pop_testUITests */,
				571414CC1CEC354700638A11 /* Products */,
			);
			sourceTree = "<group>";
		};
		571414CC1CEC354700638A11 /* Products */ = {
			isa = PBXGroup;
			children = (
				571414CB1CEC354700638A11 /* pop_test.app */,
				571414E41CEC354700638A11 /* pop_testTests.xctest */,
				571414EF1CEC354700638A11 /* pop_testUITests.xctest */,
			);
			name = Products;
			sourceTree = "<group>";
		};
		571414CD1CEC354700638A11 /* pop_test */ = {
			isa = PBXGroup;
			children = (
				571414D11CEC354700638A11 /* AppDelegate.h */,
				571414D21CEC354700638A11 /* AppDelegate.m */,
				571414D41CEC354700638A11 /* ViewController.h */,
				571414D51CEC354700638A11 /* ViewController.m */,
				57F5958A1CED5D1A0027692A /* WBPopOverView.h */,
				57F5958B1CED5D1A0027692A /* WBPopOverView.m */,
				571414D71CEC354700638A11 /* Main.storyboard */,
				571414DA1CEC354700638A11 /* Assets.xcassets */,
				571414DC1CEC354700638A11 /* LaunchScreen.storyboard */,
				571414DF1CEC354700638A11 /* Info.plist */,
				571414CE1CEC354700638A11 /* Supporting Files */,
			);
			path = pop_test;
			sourceTree = "<group>";
		};
		571414CE1CEC354700638A11 /* Supporting Files */ = {
			isa = PBXGroup;
			children = (
				571414CF1CEC354700638A11 /* main.m */,
			);
			name = "Supporting Files";
			sourceTree = "<group>";
		};
		571414E71CEC354700638A11 /* pop_testTests */ = {
			isa = PBXGroup;
			children = (
				571414E81CEC354700638A11 /* pop_testTests.m */,
				571414EA1CEC354700638A11 /* Info.plist */,
			);
			path = pop_testTests;
			sourceTree = "<group>";
		};
		571414F21CEC354700638A11 /* pop_testUITests */ = {
			isa = PBXGroup;
			children = (
				571414F31CEC354700638A11 /* pop_testUITests.m */,
				571414F51CEC354700638A11 /* Info.plist */,
			);
			path = pop_testUITests;
			sourceTree = "<group>";
		};
/* End PBXGroup section */

/* Begin PBXNativeTarget section */
		571414CA1CEC354700638A11 /* pop_test */ = {
			isa = PBXNativeTarget;
			buildConfigurationList = 571414F81CEC354700638A11 /* Build configuration list for PBXNativeTarget "pop_test" */;
			buildPhases = (
				571414C71CEC354700638A11 /* Sources */,
				571414C81CEC354700638A11 /* Frameworks */,
				571414C91CEC354700638A11 /* Resources */,
			);
			buildRules = (
			);
			dependencies = (
			);
			name = pop_test;
			productName = pop_test;
			productReference = 571414CB1CEC354700638A11 /* pop_test.app */;
			productType = "com.apple.product-type.application";
		};
		571414E31CEC354700638A11 /* pop_testTests */ = {
			isa = PBXNativeTarget;
			buildConfigurationList = 571414FB1CEC354700638A11 /* Build configuration list for PBXNativeTarget "pop_testTests" */;
			buildPhases = (
				571414E01CEC354700638A11 /* Sources */,
				571414E11CEC354700638A11 /* Frameworks */,
				571414E21CEC354700638A11 /* Resources */,
			);
			buildRules = (
			);
			dependencies = (
				571414E61CEC354700638A11 /* PBXTargetDependency */,
			);
			name = pop_testTests;
			productName = pop_testTests;
			productReference = 571414E41CEC354700638A11 /* pop_testTests.xctest */;
			productType = "com.apple.product-type.bundle.unit-test";
		};
		571414EE1CEC354700638A11 /* pop_testUITests */ = {
			isa = PBXNativeTarget;
			buildConfigurationList = 571414FE1CEC354700638A11 /* Build configuration list for PBXNativeTarget "pop_testUITests" */;
			buildPhases = (
				571414EB1CEC354700638A11 /* Sources */,
				571414EC1CEC354700638A11 /* Frameworks */,
				571414ED1CEC354700638A11 /* Resources */,
			);
			buildRules = (
			);
			dependencies = (
				571414F11CEC354700638A11 /* PBXTargetDependency */,
			);
			name = pop_testUITests;
			productName = pop_testUITests;
			productReference = 571414EF1CEC354700638A11 /* pop_testUITests.xctest */;
			productType = "com.apple.product-type.bundle.ui-testing";
		};
/* End PBXNativeTarget section */

/* Begin PBXProject section */
		571414C31CEC354700638A11 /* Project object */ = {
			isa = PBXProject;
			attributes = {
				LastUpgradeCheck = 0730;
				ORGANIZATIONNAME = "tuhui－03";
				TargetAttributes = {
					571414CA1CEC354700638A11 = {
						CreatedOnToolsVersion = 7.3;
					};
					571414E31CEC354700638A11 = {
						CreatedOnToolsVersion = 7.3;
						TestTargetID = 571414CA1CEC354700638A11;
					};
					571414EE1CEC354700638A11 = {
						CreatedOnToolsVersion = 7.3;
						TestTargetID = 571414CA1CEC354700638A11;
					};
				};
			};
			buildConfigurationList = 571414C61CEC354700638A11 /* Build configuration list for PBXProject "pop_test" */;
			compatibilityVersion = "Xcode 3.2";
			developmentRegion = English;
			hasScannedForEncodings = 0;
			knownRegions = (
				en,
				Base,
			);
			mainGroup = 571414C21CEC354700638A11;
			productRefGroup = 571414CC1CEC354700638A11 /* Products */;
			projectDirPath = "";
			projectRoot = "";
			targets = (
				571414CA1CEC354700638A11 /* pop_test */,
				571414E31CEC354700638A11 /* pop_testTests */,
				571414EE1CEC354700638A11 /* pop_testUITests */,
			);
		};
/* End PBXProject section */

/* Begin PBXResourcesBuildPhase section */
		571414C91CEC354700638A11 /* Resources */ = {
			isa = PBXResourcesBuildPhase;
			buildActionMask = 2147483647;
			files = (
				571414DE1CEC354700638A11 /* LaunchScreen.storyboard in Resources */,
				571414DB1CEC354700638A11 /* Assets.xcassets in Resources */,
				571414D91CEC354700638A11 /* Main.storyboard in Resources */,
			);
			runOnlyForDeploymentPostprocessing = 0;
		};
		571414E21CEC354700638A11 /* Resources */ = {
			isa = PBXResourcesBuildPhase;
			buildActionMask = 2147483647;
			files = (
			);
			runOnlyForDeploymentPostprocessing = 0;
		};
		571414ED1CEC354700638A11 /* Resources */ = {
			isa = PBXResourcesBuildPhase;
			buildActionMask = 2147483647;
			files = (
			);
			runOnlyForDeploymentPostprocessing = 0;
		};
/* End PBXResourcesBuildPhase section */

/* Begin PBXSourcesBuildPhase section */
		571414C71CEC354700638A11 /* Sources */ = {
			isa = PBXSourcesBuildPhase;
			buildActionMask = 2147483647;
			files = (
				57F5958C1CED5D1A0027692A /* WBPopOverView.m in Sources */,
				571414D61CEC354700638A11 /* ViewController.m in Sources */,
				571414D31CEC354700638A11 /* AppDelegate.m in Sources */,
				571414D01CEC354700638A11 /* main.m in Sources */,
			);
			runOnlyForDeploymentPostprocessing = 0;
		};
		571414E01CEC354700638A11 /* Sources */ = {
			isa = PBXSourcesBuildPhase;
			buildActionMask = 2147483647;
			files = (
				571414E91CEC354700638A11 /* pop_testTests.m in Sources */,
			);
			runOnlyForDeploymentPostprocessing = 0;
		};
		571414EB1CEC354700638A11 /* Sources */ = {
			isa = PBXSourcesBuildPhase;
			buildActionMask = 2147483647;
			files = (
				571414F41CEC354700638A11 /* pop_testUITests.m in Sources */,
			);
			runOnlyForDeploymentPostprocessing = 0;
		};
/* End PBXSourcesBuildPhase section */

/* Begin PBXTargetDependency section */
		571414E61CEC354700638A11 /* PBXTargetDependency */ = {
			isa = PBXTargetDependency;
			target = 571414CA1CEC354700638A11 /* pop_test */;
			targetProxy = 571414E51CEC354700638A11 /* PBXContainerItemProxy */;
		};
		571414F11CEC354700638A11 /* PBXTargetDependency */ = {
			isa = PBXTargetDependency;
			target = 571414CA1CEC354700638A11 /* pop_test */;
			targetProxy = 571414F01CEC354700638A11 /* PBXContainerItemProxy */;
		};
/* End PBXTargetDependency section */

/* Begin PBXVariantGroup section */
		571414D71CEC354700638A11 /* Main.storyboard */ = {
			isa = PBXVariantGroup;
			children = (
				571414D81CEC354700638A11 /* Base */,
			);
			name = Main.storyboard;
			sourceTree = "<group>";
		};
		571414DC1CEC354700638A11 /* LaunchScreen.storyboard */ = {
			isa = PBXVariantGroup;
			children = (
				571414DD1CEC354700638A11 /* Base */,
			);
			name = LaunchScreen.storyboard;
			sourceTree = "<group>";
		};
/* End PBXVariantGroup section */

/* Begin XCBuildConfiguration section */
		571414F61CEC354700638A11 /* Debug */ = {
			isa = XCBuildConfiguration;
			buildSettings = {
				ALWAYS_SEARCH_USER_PATHS = NO;
				CLANG_ANALYZER_NONNULL = YES;
				CLANG_CXX_LANGUAGE_STANDARD = "gnu++0x";
				CLANG_CXX_LIBRARY = "libc++";
				CLANG_ENABLE_MODULES = YES;
				CLANG_ENABLE_OBJC_ARC = YES;
				CLANG_WARN_BOOL_CONVERSION = YES;
				CLANG_WARN_CONSTANT_CONVERSION = YES;
				CLANG_WARN_DIRECT_OBJC_ISA_USAGE = YES_ERROR;
				CLANG_WARN_EMPTY_BODY = YES;
				CLANG_WARN_ENUM_CONVERSION = YES;
				CLANG_WARN_INT_CONVERSION = YES;
				CLANG_WARN_OBJC_ROOT_CLASS = YES_ERROR;
				CLANG_WARN_UNREACHABLE_CODE = YES;
				CLANG_WARN__DUPLICATE_METHOD_MATCH = YES;
				"CODE_SIGN_IDENTITY[sdk=iphoneos*]" = "iPhone Developer";
				COPY_PHASE_STRIP = NO;
				DEBUG_INFORMATION_FORMAT = dwarf;
				ENABLE_STRICT_OBJC_MSGSEND = YES;
				ENABLE_TESTABILITY = YES;
				GCC_C_LANGUAGE_STANDARD = gnu99;
				GCC_DYNAMIC_NO_PIC = NO;
				GCC_NO_COMMON_BLOCKS = YES;
				GCC_OPTIMIZATION_LEVEL = 0;
				GCC_PREPROCESSOR_DEFINITIONS = (
					"DEBUG=1",
					"$(inherited)",
				);
				GCC_WARN_64_TO_32_BIT_CONVERSION = YES;
				GCC_WARN_ABOUT_RETURN_TYPE = YES_ERROR;
				GCC_WARN_UNDECLARED_SELECTOR = YES;
				GCC_WARN_UNINITIALIZED_AUTOS = YES_AGGRESSIVE;
				GCC_WARN_UNUSED_FUNCTION = YES;
				GCC_WARN_UNUSED_VARIABLE = YES;
				IPHONEOS_DEPLOYMENT_TARGET = 9.3;
				MTL_ENABLE_DEBUG_INFO = YES;
				ONLY_ACTIVE_ARCH = YES;
				SDKROOT = iphoneos;
				TARGETED_DEVICE_FAMILY = "1,2";
			};
			name = Debug;
		};
		571414F71CEC354700638A11 /* Release */ = {
			isa = XCBuildConfiguration;
			buildSettings = {
				ALWAYS_SEARCH_USER_PATHS = NO;
				CLANG_ANALYZER_NONNULL = YES;
				CLANG_CXX_LANGUAGE_STANDARD = "gnu++0x";
				CLANG_CXX_LIBRARY = "libc++";
				CLANG_ENABLE_MODULES = YES;
				CLANG_ENABLE_OBJC_ARC = YES;
				CLANG_WARN_BOOL_CONVERSION = YES;
				CLANG_WARN_CONSTANT_CONVERSION = YES;
				CLANG_WARN_DIRECT_OBJC_ISA_USAGE = YES_ERROR;
				CLANG_WARN_EMPTY_BODY = YES;
				CLANG_WARN_ENUM_CONVERSION = YES;
				CLANG_WARN_INT_CONVERSION = YES;
				CLANG_WARN_OBJC_ROOT_CLASS = YES_ERROR;
				CLANG_WARN_UNREACHABLE_CODE = YES;
				CLANG_WARN__DUPLICATE_METHOD_MATCH = YES;
				"CODE_SIGN_IDENTITY[sdk=iphoneos*]" = "iPhone Developer";
				COPY_PHASE_STRIP = NO;
				DEBUG_INFORMATION_FORMAT = "dwarf-with-dsym";
				ENABLE_NS_ASSERTIONS = NO;
				ENABLE_STRICT_OBJC_MSGSEND = YES;
				GCC_C_LANGUAGE_STANDARD = gnu99;
				GCC_NO_COMMON_BLOCKS = YES;
				GCC_WARN_64_TO_32_BIT_CONVERSION = YES;
				GCC_WARN_ABOUT_RETURN_TYPE = YES_ERROR;
				GCC_WARN_UNDECLARED_SELECTOR = YES;
				GCC_WARN_UNINITIALIZED_AUTOS = YES_AGGRESSIVE;
				GCC_WARN_UNUSED_FUNCTION = YES;
				GCC_WARN_UNUSED_VARIABLE = YES;
				IPHONEOS_DEPLOYMENT_TARGET = 9.3;
				MTL_ENABLE_DEBUG_INFO = NO;
				SDKROOT = iphoneos;
				TARGETED_DEVICE_FAMILY = "1,2";
				VALIDATE_PRODUCT = YES;
			};
			name = Release;
		};
		571414F91CEC354700638A11 /* Debug */ = {
			isa = XCBuildConfiguration;
			buildSettings = {
				ASSETCATALOG_COMPILER_APPICON_NAME = AppIcon;
				INFOPLIST_FILE = pop_test/Info.plist;
				LD_RUNPATH_SEARCH_PATHS = "$(inherited) @executable_path/Frameworks";
				PRODUCT_BUNDLE_IDENTIFIER = "tuhui.pop-test";
				PRODUCT_NAME = "$(TARGET_NAME)";
			};
			name = Debug;
		};
		571414FA1CEC354700638A11 /* Release */ = {
			isa = XCBuildConfiguration;
			buildSettings = {
				ASSETCATALOG_COMPILER_APPICON_NAME = AppIcon;
				INFOPLIST_FILE = pop_test/Info.plist;
				LD_RUNPATH_SEARCH_PATHS = "$(inherited) @executable_path/Frameworks";
				PRODUCT_BUNDLE_IDENTIFIER = "tuhui.pop-test";
				PRODUCT_NAME = "$(TARGET_NAME)";
			};
			name = Release;
		};
		571414FC1CEC354700638A11 /* Debug */ = {
			isa = XCBuildConfiguration;
			buildSettings = {
				BUNDLE_LOADER = "$(TEST_HOST)";
				INFOPLIST_FILE = pop_testTests/Info.plist;
				LD_RUNPATH_SEARCH_PATHS = "$(inherited) @executable_path/Frameworks @loader_path/Frameworks";
				PRODUCT_BUNDLE_IDENTIFIER = "tuhui.pop-testTests";
				PRODUCT_NAME = "$(TARGET_NAME)";
				TEST_HOST = "$(BUILT_PRODUCTS_DIR)/pop_test.app/pop_test";
			};
			name = Debug;
		};
		571414FD1CEC354700638A11 /* Release */ = {
			isa = XCBuildConfiguration;
			buildSettings = {
				BUNDLE_LOADER = "$(TEST_HOST)";
				INFOPLIST_FILE = pop_testTests/Info.plist;
				LD_RUNPATH_SEARCH_PATHS = "$(inherited) @executable_path/Frameworks @loader_path/Frameworks";
				PRODUCT_BUNDLE_IDENTIFIER = "tuhui.pop-testTests";
				PRODUCT_NAME = "$(TARGET_NAME)";
				TEST_HOST = "$(BUILT_PRODUCTS_DIR)/pop_test.app/pop_test";
			};
			name = Release;
		};
		571414FF1CEC354700638A11 /* Debug */ = {
			isa = XCBuildConfiguration;
			buildSettings = {
				INFOPLIST_FILE = pop_testUITests/Info.plist;
				LD_RUNPATH_SEARCH_PATHS = "$(inherited) @executable_path/Frameworks @loader_path/Frameworks";
				PRODUCT_BUNDLE_IDENTIFIER = "tuhui.pop-testUITests";
				PRODUCT_NAME = "$(TARGET_NAME)";
				TEST_TARGET_NAME = pop_test;
			};
			name = Debug;
		};
		571415001CEC354700638A11 /* Release */ = {
			isa = XCBuildConfiguration;
			buildSettings = {
				INFOPLIST_FILE = pop_testUITests/Info.plist;
				LD_RUNPATH_SEARCH_PATHS = "$(inherited) @executable_path/Frameworks @loader_path/Frameworks";
				PRODUCT_BUNDLE_IDENTIFIER = "tuhui.pop-testUITests";
				PRODUCT_NAME = "$(TARGET_NAME)";
				TEST_TARGET_NAME = pop_test;
			};
			name = Release;
		};
/* End XCBuildConfiguration section */

/* Begin XCConfigurationList section */
		571414C61CEC354700638A11 /* Build configuration list for PBXProject "pop_test" */ = {
			isa = XCConfigurationList;
			buildConfigurations = (
				571414F61CEC354700638A11 /* Debug */,
				571414F71CEC354700638A11 /* Release */,
			);
			defaultConfigurationIsVisible = 0;
			defaultConfigurationName = Release;
		};
		571414F81CEC354700638A11 /* Build configuration list for PBXNativeTarget "pop_test" */ = {
			isa = XCConfigurationList;
			buildConfigurations = (
				571414F91CEC354700638A11 /* Debug */,
				571414FA1CEC354700638A11 /* Release */,
			);
			defaultConfigurationIsVisible = 0;
			defaultConfigurationName = Release;
		};
		571414FB1CEC354700638A11 /* Build configuration list for PBXNativeTarget "pop_testTests" */ = {
			isa = XCConfigurationList;
			buildConfigurations = (
				571414FC1CEC354700638A11 /* Debug */,
				571414FD1CEC354700638A11 /* Release */,
			);
			defaultConfigurationIsVisible = 0;
			defaultConfigurationName = Release;
		};
		571414FE1CEC354700638A11 /* Build configuration list for PBXNativeTarget "pop_testUITests" */ = {
			isa = XCConfigurationList;
			buildConfigurations = (
				571414FF1CEC354700638A11 /* Debug */,
				571415001CEC354700638A11 /* Release */,
			);
			defaultConfigurationIsVisible = 0;
			defaultConfigurationName = Release;
		};
/* End XCConfigurationList section */
	};
	rootObject = 571414C31CEC354700638A11 /* Project object */;
}
